// !$*UTF8*$!
{
	archiveVersion = 1;
	classes = {
	};
	objectVersion = 50;
	objects = {

/* Begin PBXBuildFile section */
		5A64982EB3AD741256F8C6A8 /* Pods_DesafioHurbTests.framework in Frameworks */ = {isa = PBXBuildFile; fileRef = DC5E7D5444C2614F1EA3CAE3 /* Pods_DesafioHurbTests.framework */; };
		94055CDD23155ECE00320969 /* MainPresenter.swift in Sources */ = {isa = PBXBuildFile; fileRef = 94055CDC23155ECE00320969 /* MainPresenter.swift */; };
		94055CE023155EF200320969 /* MainView.swift in Sources */ = {isa = PBXBuildFile; fileRef = 94055CDF23155EF200320969 /* MainView.swift */; };
		94055CE423155F1800320969 /* HotelTableViewCell.swift in Sources */ = {isa = PBXBuildFile; fileRef = 94055CE223155F1800320969 /* HotelTableViewCell.swift */; };
		94055CE523155F1800320969 /* HotelTableViewCell.xib in Resources */ = {isa = PBXBuildFile; fileRef = 94055CE323155F1800320969 /* HotelTableViewCell.xib */; };
		94055CE9231592D100320969 /* ReusableCellIdentifiable.swift in Sources */ = {isa = PBXBuildFile; fileRef = 94055CE8231592D100320969 /* ReusableCellIdentifiable.swift */; };
		94055CEC2315930E00320969 /* UITableView.swift in Sources */ = {isa = PBXBuildFile; fileRef = 94055CEB2315930E00320969 /* UITableView.swift */; };
		9421C723230ED560001F3388 /* AppDelegate.swift in Sources */ = {isa = PBXBuildFile; fileRef = 9421C722230ED560001F3388 /* AppDelegate.swift */; };
		9421C725230ED560001F3388 /* MainViewController.swift in Sources */ = {isa = PBXBuildFile; fileRef = 9421C724230ED560001F3388 /* MainViewController.swift */; };
		9421C728230ED560001F3388 /* Main.storyboard in Resources */ = {isa = PBXBuildFile; fileRef = 9421C726230ED560001F3388 /* Main.storyboard */; };
		9421C72A230ED561001F3388 /* Assets.xcassets in Resources */ = {isa = PBXBuildFile; fileRef = 9421C729230ED561001F3388 /* Assets.xcassets */; };
		9421C72D230ED561001F3388 /* LaunchScreen.storyboard in Resources */ = {isa = PBXBuildFile; fileRef = 9421C72B230ED561001F3388 /* LaunchScreen.storyboard */; };
		9421C738230ED561001F3388 /* DesafioHurbTests.swift in Sources */ = {isa = PBXBuildFile; fileRef = 9421C737230ED561001F3388 /* DesafioHurbTests.swift */; };
		9421C744230ED57D001F3388 /* APIConfig.swift in Sources */ = {isa = PBXBuildFile; fileRef = 9421C743230ED57D001F3388 /* APIConfig.swift */; };
		9421C749230ED5BE001F3388 /* APIFactory.swift in Sources */ = {isa = PBXBuildFile; fileRef = 9421C745230ED5BE001F3388 /* APIFactory.swift */; };
		9421C74A230ED5BE001F3388 /* APIRouter.swift in Sources */ = {isa = PBXBuildFile; fileRef = 9421C746230ED5BE001F3388 /* APIRouter.swift */; };
		9421C74B230ED5BE001F3388 /* Result.swift in Sources */ = {isa = PBXBuildFile; fileRef = 9421C747230ED5BE001F3388 /* Result.swift */; };
		9421C74C230ED5BE001F3388 /* Network.swift in Sources */ = {isa = PBXBuildFile; fileRef = 9421C748230ED5BE001F3388 /* Network.swift */; };
		9421C74F230ED639001F3388 /* HotelsRouter.swift in Sources */ = {isa = PBXBuildFile; fileRef = 9421C74E230ED639001F3388 /* HotelsRouter.swift */; };
		9421C752230ED8DA001F3388 /* HotelsModel.swift in Sources */ = {isa = PBXBuildFile; fileRef = 9421C751230ED8DA001F3388 /* HotelsModel.swift */; };
		9421C754230F0DF7001F3388 /* HotelsService.swift in Sources */ = {isa = PBXBuildFile; fileRef = 9421C753230F0DF7001F3388 /* HotelsService.swift */; };
		9421C756230F11ED001F3388 /* CustomSessionDelegate.swift in Sources */ = {isa = PBXBuildFile; fileRef = 9421C755230F11ED001F3388 /* CustomSessionDelegate.swift */; };
		9421C759230F121E001F3388 /* www.hotelurbano.com.cer in Resources */ = {isa = PBXBuildFile; fileRef = 9421C758230F121E001F3388 /* www.hotelurbano.com.cer */; };
		9421C75B230F127B001F3388 /* CustomServerTrustPolicyManager.swift in Sources */ = {isa = PBXBuildFile; fileRef = 9421C75A230F127B001F3388 /* CustomServerTrustPolicyManager.swift */; };
		94B00C7A231414A700A582C7 /* www.hotelurbano.com1.cer in Resources */ = {isa = PBXBuildFile; fileRef = 94B00C79231414A700A582C7 /* www.hotelurbano.com1.cer */; };
		A5868940446854EC1E1ADA00 /* Pods_DesafioHurb.framework in Frameworks */ = {isa = PBXBuildFile; fileRef = A6EE8FC1465EFDC963F20940 /* Pods_DesafioHurb.framework */; };
/* End PBXBuildFile section */

/* Begin PBXContainerItemProxy section */
		9421C734230ED561001F3388 /* PBXContainerItemProxy */ = {
			isa = PBXContainerItemProxy;
			containerPortal = 9421C717230ED560001F3388 /* Project object */;
			proxyType = 1;
			remoteGlobalIDString = 9421C71E230ED560001F3388;
			remoteInfo = DesafioHurb;
		};
/* End PBXContainerItemProxy section */

/* Begin PBXFileReference section */
		183748A5BF407677065CDC37 /* Pods-DesafioHurbTests.release.xcconfig */ = {isa = PBXFileReference; includeInIndex = 1; lastKnownFileType = text.xcconfig; name = "Pods-DesafioHurbTests.release.xcconfig"; path = "Target Support Files/Pods-DesafioHurbTests/Pods-DesafioHurbTests.release.xcconfig"; sourceTree = "<group>"; };
		4E71A8F0EE804BE3F915350C /* Pods-DesafioHurb.debug.xcconfig */ = {isa = PBXFileReference; includeInIndex = 1; lastKnownFileType = text.xcconfig; name = "Pods-DesafioHurb.debug.xcconfig"; path = "Target Support Files/Pods-DesafioHurb/Pods-DesafioHurb.debug.xcconfig"; sourceTree = "<group>"; };
		6C7DB22817A1783081DDCE57 /* Pods-DesafioHurb.release.xcconfig */ = {isa = PBXFileReference; includeInIndex = 1; lastKnownFileType = text.xcconfig; name = "Pods-DesafioHurb.release.xcconfig"; path = "Target Support Files/Pods-DesafioHurb/Pods-DesafioHurb.release.xcconfig"; sourceTree = "<group>"; };
		792FEE2205FB0ABADB62BEBF /* Pods-DesafioHurbTests.debug.xcconfig */ = {isa = PBXFileReference; includeInIndex = 1; lastKnownFileType = text.xcconfig; name = "Pods-DesafioHurbTests.debug.xcconfig"; path = "Target Support Files/Pods-DesafioHurbTests/Pods-DesafioHurbTests.debug.xcconfig"; sourceTree = "<group>"; };
		94055CDC23155ECE00320969 /* MainPresenter.swift */ = {isa = PBXFileReference; lastKnownFileType = sourcecode.swift; path = MainPresenter.swift; sourceTree = "<group>"; };
		94055CDF23155EF200320969 /* MainView.swift */ = {isa = PBXFileReference; lastKnownFileType = sourcecode.swift; path = MainView.swift; sourceTree = "<group>"; };
		94055CE223155F1800320969 /* HotelTableViewCell.swift */ = {isa = PBXFileReference; lastKnownFileType = sourcecode.swift; path = HotelTableViewCell.swift; sourceTree = "<group>"; };
		94055CE323155F1800320969 /* HotelTableViewCell.xib */ = {isa = PBXFileReference; lastKnownFileType = file.xib; path = HotelTableViewCell.xib; sourceTree = "<group>"; };
		94055CE8231592D100320969 /* ReusableCellIdentifiable.swift */ = {isa = PBXFileReference; lastKnownFileType = sourcecode.swift; path = ReusableCellIdentifiable.swift; sourceTree = "<group>"; };
		94055CEB2315930E00320969 /* UITableView.swift */ = {isa = PBXFileReference; lastKnownFileType = sourcecode.swift; path = UITableView.swift; sourceTree = "<group>"; };
		9421C71F230ED560001F3388 /* DesafioHurb.app */ = {isa = PBXFileReference; explicitFileType = wrapper.application; includeInIndex = 0; path = DesafioHurb.app; sourceTree = BUILT_PRODUCTS_DIR; };
		9421C722230ED560001F3388 /* AppDelegate.swift */ = {isa = PBXFileReference; lastKnownFileType = sourcecode.swift; path = AppDelegate.swift; sourceTree = "<group>"; };
		9421C724230ED560001F3388 /* MainViewController.swift */ = {isa = PBXFileReference; lastKnownFileType = sourcecode.swift; path = MainViewController.swift; sourceTree = "<group>"; };
		9421C727230ED560001F3388 /* Base */ = {isa = PBXFileReference; lastKnownFileType = file.storyboard; name = Base; path = Base.lproj/Main.storyboard; sourceTree = "<group>"; };
		9421C729230ED561001F3388 /* Assets.xcassets */ = {isa = PBXFileReference; lastKnownFileType = folder.assetcatalog; path = Assets.xcassets; sourceTree = "<group>"; };
		9421C72C230ED561001F3388 /* Base */ = {isa = PBXFileReference; lastKnownFileType = file.storyboard; name = Base; path = Base.lproj/LaunchScreen.storyboard; sourceTree = "<group>"; };
		9421C72E230ED561001F3388 /* Info.plist */ = {isa = PBXFileReference; lastKnownFileType = text.plist.xml; path = Info.plist; sourceTree = "<group>"; };
		9421C733230ED561001F3388 /* DesafioHurbTests.xctest */ = {isa = PBXFileReference; explicitFileType = wrapper.cfbundle; includeInIndex = 0; path = DesafioHurbTests.xctest; sourceTree = BUILT_PRODUCTS_DIR; };
		9421C737230ED561001F3388 /* DesafioHurbTests.swift */ = {isa = PBXFileReference; lastKnownFileType = sourcecode.swift; path = DesafioHurbTests.swift; sourceTree = "<group>"; };
		9421C739230ED561001F3388 /* Info.plist */ = {isa = PBXFileReference; lastKnownFileType = text.plist.xml; path = Info.plist; sourceTree = "<group>"; };
		9421C743230ED57D001F3388 /* APIConfig.swift */ = {isa = PBXFileReference; lastKnownFileType = sourcecode.swift; path = APIConfig.swift; sourceTree = "<group>"; };
		9421C745230ED5BE001F3388 /* APIFactory.swift */ = {isa = PBXFileReference; fileEncoding = 4; lastKnownFileType = sourcecode.swift; path = APIFactory.swift; sourceTree = "<group>"; };
		9421C746230ED5BE001F3388 /* APIRouter.swift */ = {isa = PBXFileReference; fileEncoding = 4; lastKnownFileType = sourcecode.swift; path = APIRouter.swift; sourceTree = "<group>"; };
		9421C747230ED5BE001F3388 /* Result.swift */ = {isa = PBXFileReference; fileEncoding = 4; lastKnownFileType = sourcecode.swift; path = Result.swift; sourceTree = "<group>"; };
		9421C748230ED5BE001F3388 /* Network.swift */ = {isa = PBXFileReference; fileEncoding = 4; lastKnownFileType = sourcecode.swift; path = Network.swift; sourceTree = "<group>"; };
		9421C74E230ED639001F3388 /* HotelsRouter.swift */ = {isa = PBXFileReference; lastKnownFileType = sourcecode.swift; path = HotelsRouter.swift; sourceTree = "<group>"; };
		9421C751230ED8DA001F3388 /* HotelsModel.swift */ = {isa = PBXFileReference; lastKnownFileType = sourcecode.swift; path = HotelsModel.swift; sourceTree = "<group>"; };
		9421C753230F0DF7001F3388 /* HotelsService.swift */ = {isa = PBXFileReference; lastKnownFileType = sourcecode.swift; path = HotelsService.swift; sourceTree = "<group>"; };
		9421C755230F11ED001F3388 /* CustomSessionDelegate.swift */ = {isa = PBXFileReference; lastKnownFileType = sourcecode.swift; path = CustomSessionDelegate.swift; sourceTree = "<group>"; };
		9421C758230F121E001F3388 /* www.hotelurbano.com.cer */ = {isa = PBXFileReference; lastKnownFileType = file; path = www.hotelurbano.com.cer; sourceTree = "<group>"; };
		9421C75A230F127B001F3388 /* CustomServerTrustPolicyManager.swift */ = {isa = PBXFileReference; lastKnownFileType = sourcecode.swift; path = CustomServerTrustPolicyManager.swift; sourceTree = "<group>"; };
		94B00C79231414A700A582C7 /* www.hotelurbano.com1.cer */ = {isa = PBXFileReference; lastKnownFileType = file; path = www.hotelurbano.com1.cer; sourceTree = "<group>"; };
		A6EE8FC1465EFDC963F20940 /* Pods_DesafioHurb.framework */ = {isa = PBXFileReference; explicitFileType = wrapper.framework; includeInIndex = 0; path = Pods_DesafioHurb.framework; sourceTree = BUILT_PRODUCTS_DIR; };
		DC5E7D5444C2614F1EA3CAE3 /* Pods_DesafioHurbTests.framework */ = {isa = PBXFileReference; explicitFileType = wrapper.framework; includeInIndex = 0; path = Pods_DesafioHurbTests.framework; sourceTree = BUILT_PRODUCTS_DIR; };
/* End PBXFileReference section */

/* Begin PBXFrameworksBuildPhase section */
		9421C71C230ED560001F3388 /* Frameworks */ = {
			isa = PBXFrameworksBuildPhase;
			buildActionMask = 2147483647;
			files = (
				A5868940446854EC1E1ADA00 /* Pods_DesafioHurb.framework in Frameworks */,
			);
			runOnlyForDeploymentPostprocessing = 0;
		};
		9421C730230ED561001F3388 /* Frameworks */ = {
			isa = PBXFrameworksBuildPhase;
			buildActionMask = 2147483647;
			files = (
				5A64982EB3AD741256F8C6A8 /* Pods_DesafioHurbTests.framework in Frameworks */,
			);
			runOnlyForDeploymentPostprocessing = 0;
		};
/* End PBXFrameworksBuildPhase section */

/* Begin PBXGroup section */
		40840EEBB2A40A7612B84B1F /* Frameworks */ = {
			isa = PBXGroup;
			children = (
				A6EE8FC1465EFDC963F20940 /* Pods_DesafioHurb.framework */,
				DC5E7D5444C2614F1EA3CAE3 /* Pods_DesafioHurbTests.framework */,
			);
			name = Frameworks;
			sourceTree = "<group>";
		};
		94055CDA23155EB300320969 /* ViewController */ = {
			isa = PBXGroup;
			children = (
				94055CE623155F7000320969 /* Main */,
			);
			path = ViewController;
			sourceTree = "<group>";
		};
		94055CE123155F0300320969 /* Cell */ = {
			isa = PBXGroup;
			children = (
				94055CE223155F1800320969 /* HotelTableViewCell.swift */,
				94055CE323155F1800320969 /* HotelTableViewCell.xib */,
			);
			path = Cell;
			sourceTree = "<group>";
		};
		94055CE623155F7000320969 /* Main */ = {
			isa = PBXGroup;
			children = (
				94055CE123155F0300320969 /* Cell */,
				94055CDC23155ECE00320969 /* MainPresenter.swift */,
				94055CDF23155EF200320969 /* MainView.swift */,
				9421C724230ED560001F3388 /* MainViewController.swift */,
			);
			path = Main;
			sourceTree = "<group>";
		};
		94055CE7231592B900320969 /* Protocol */ = {
			isa = PBXGroup;
			children = (
				94055CE8231592D100320969 /* ReusableCellIdentifiable.swift */,
			);
			path = Protocol;
			sourceTree = "<group>";
		};
		94055CEA2315930500320969 /* Extensions */ = {
			isa = PBXGroup;
			children = (
				94055CEB2315930E00320969 /* UITableView.swift */,
			);
			path = Extensions;
			sourceTree = "<group>";
		};
		9421C716230ED560001F3388 = {
			isa = PBXGroup;
			children = (
				9421C721230ED560001F3388 /* DesafioHurb */,
				9421C736230ED561001F3388 /* DesafioHurbTests */,
				9421C720230ED560001F3388 /* Products */,
				FCB8EDA915391E82F3D4F9A7 /* Pods */,
				40840EEBB2A40A7612B84B1F /* Frameworks */,
			);
			sourceTree = "<group>";
		};
		9421C720230ED560001F3388 /* Products */ = {
			isa = PBXGroup;
			children = (
				9421C71F230ED560001F3388 /* DesafioHurb.app */,
				9421C733230ED561001F3388 /* DesafioHurbTests.xctest */,
			);
			name = Products;
			sourceTree = "<group>";
		};
		9421C721230ED560001F3388 /* DesafioHurb */ = {
			isa = PBXGroup;
			children = (
				9421C742230ED56B001F3388 /* APIService */,
				94055CEA2315930500320969 /* Extensions */,
				9421C74D230ED628001F3388 /* HotelsService */,
				9421C750230ED8D1001F3388 /* Models */,
				94055CE7231592B900320969 /* Protocol */,
				9421C757230F120D001F3388 /* PublicKey */,
				94055CDA23155EB300320969 /* ViewController */,
				9421C722230ED560001F3388 /* AppDelegate.swift */,
				9421C726230ED560001F3388 /* Main.storyboard */,
				9421C729230ED561001F3388 /* Assets.xcassets */,
				9421C72B230ED561001F3388 /* LaunchScreen.storyboard */,
				9421C72E230ED561001F3388 /* Info.plist */,
			);
			path = DesafioHurb;
			sourceTree = "<group>";
		};
		9421C736230ED561001F3388 /* DesafioHurbTests */ = {
			isa = PBXGroup;
			children = (
				9421C737230ED561001F3388 /* DesafioHurbTests.swift */,
				9421C739230ED561001F3388 /* Info.plist */,
			);
			path = DesafioHurbTests;
			sourceTree = "<group>";
		};
		9421C742230ED56B001F3388 /* APIService */ = {
			isa = PBXGroup;
			children = (
				9421C743230ED57D001F3388 /* APIConfig.swift */,
				9421C745230ED5BE001F3388 /* APIFactory.swift */,
				9421C746230ED5BE001F3388 /* APIRouter.swift */,
				9421C748230ED5BE001F3388 /* Network.swift */,
				9421C75A230F127B001F3388 /* CustomServerTrustPolicyManager.swift */,
				9421C755230F11ED001F3388 /* CustomSessionDelegate.swift */,
				9421C747230ED5BE001F3388 /* Result.swift */,
			);
			path = APIService;
			sourceTree = "<group>";
		};
		9421C74D230ED628001F3388 /* HotelsService */ = {
			isa = PBXGroup;
			children = (
				9421C74E230ED639001F3388 /* HotelsRouter.swift */,
				9421C753230F0DF7001F3388 /* HotelsService.swift */,
			);
			path = HotelsService;
			sourceTree = "<group>";
		};
		9421C750230ED8D1001F3388 /* Models */ = {
			isa = PBXGroup;
			children = (
				9421C751230ED8DA001F3388 /* HotelsModel.swift */,
			);
			path = Models;
			sourceTree = "<group>";
		};
		9421C757230F120D001F3388 /* PublicKey */ = {
			isa = PBXGroup;
			children = (
				9421C758230F121E001F3388 /* www.hotelurbano.com.cer */,
				94B00C79231414A700A582C7 /* www.hotelurbano.com1.cer */,
			);
			path = PublicKey;
			sourceTree = "<group>";
		};
		FCB8EDA915391E82F3D4F9A7 /* Pods */ = {
			isa = PBXGroup;
			children = (
				4E71A8F0EE804BE3F915350C /* Pods-DesafioHurb.debug.xcconfig */,
				6C7DB22817A1783081DDCE57 /* Pods-DesafioHurb.release.xcconfig */,
				792FEE2205FB0ABADB62BEBF /* Pods-DesafioHurbTests.debug.xcconfig */,
				183748A5BF407677065CDC37 /* Pods-DesafioHurbTests.release.xcconfig */,
			);
			path = Pods;
			sourceTree = "<group>";
		};
/* End PBXGroup section */

/* Begin PBXNativeTarget section */
		9421C71E230ED560001F3388 /* DesafioHurb */ = {
			isa = PBXNativeTarget;
			buildConfigurationList = 9421C73C230ED561001F3388 /* Build configuration list for PBXNativeTarget "DesafioHurb" */;
			buildPhases = (
				92CA7CF6D469C9DF62F83CED /* [CP] Check Pods Manifest.lock */,
				9421C71B230ED560001F3388 /* Sources */,
				9421C71C230ED560001F3388 /* Frameworks */,
				9421C71D230ED560001F3388 /* Resources */,
				B0309CB09086D097396321F1 /* [CP] Embed Pods Frameworks */,
			);
			buildRules = (
			);
			dependencies = (
			);
			name = DesafioHurb;
			productName = DesafioHurb;
			productReference = 9421C71F230ED560001F3388 /* DesafioHurb.app */;
			productType = "com.apple.product-type.application";
		};
		9421C732230ED561001F3388 /* DesafioHurbTests */ = {
			isa = PBXNativeTarget;
			buildConfigurationList = 9421C73F230ED561001F3388 /* Build configuration list for PBXNativeTarget "DesafioHurbTests" */;
			buildPhases = (
				D72477D2AF14D21261E484D5 /* [CP] Check Pods Manifest.lock */,
				9421C72F230ED561001F3388 /* Sources */,
				9421C730230ED561001F3388 /* Frameworks */,
				9421C731230ED561001F3388 /* Resources */,
			);
			buildRules = (
			);
			dependencies = (
				9421C735230ED561001F3388 /* PBXTargetDependency */,
			);
			name = DesafioHurbTests;
			productName = DesafioHurbTests;
			productReference = 9421C733230ED561001F3388 /* DesafioHurbTests.xctest */;
			productType = "com.apple.product-type.bundle.unit-test";
		};
/* End PBXNativeTarget section */

/* Begin PBXProject section */
		9421C717230ED560001F3388 /* Project object */ = {
			isa = PBXProject;
			attributes = {
				LastSwiftUpdateCheck = 1010;
				LastUpgradeCheck = 1010;
				ORGANIZATIONNAME = "Guilherme Siepmann";
				TargetAttributes = {
					9421C71E230ED560001F3388 = {
						CreatedOnToolsVersion = 10.1;
					};
					9421C732230ED561001F3388 = {
						CreatedOnToolsVersion = 10.1;
						TestTargetID = 9421C71E230ED560001F3388;
					};
				};
			};
			buildConfigurationList = 9421C71A230ED560001F3388 /* Build configuration list for PBXProject "DesafioHurb" */;
			compatibilityVersion = "Xcode 9.3";
			developmentRegion = en;
			hasScannedForEncodings = 0;
			knownRegions = (
				en,
				Base,
			);
			mainGroup = 9421C716230ED560001F3388;
			productRefGroup = 9421C720230ED560001F3388 /* Products */;
			projectDirPath = "";
			projectRoot = "";
			targets = (
				9421C71E230ED560001F3388 /* DesafioHurb */,
				9421C732230ED561001F3388 /* DesafioHurbTests */,
			);
		};
/* End PBXProject section */

/* Begin PBXResourcesBuildPhase section */
		9421C71D230ED560001F3388 /* Resources */ = {
			isa = PBXResourcesBuildPhase;
			buildActionMask = 2147483647;
			files = (
				94055CE523155F1800320969 /* HotelTableViewCell.xib in Resources */,
				9421C72D230ED561001F3388 /* LaunchScreen.storyboard in Resources */,
				9421C72A230ED561001F3388 /* Assets.xcassets in Resources */,
				9421C759230F121E001F3388 /* www.hotelurbano.com.cer in Resources */,
				94B00C7A231414A700A582C7 /* www.hotelurbano.com1.cer in Resources */,
				9421C728230ED560001F3388 /* Main.storyboard in Resources */,
			);
			runOnlyForDeploymentPostprocessing = 0;
		};
		9421C731230ED561001F3388 /* Resources */ = {
			isa = PBXResourcesBuildPhase;
			buildActionMask = 2147483647;
			files = (
			);
			runOnlyForDeploymentPostprocessing = 0;
		};
/* End PBXResourcesBuildPhase section */

/* Begin PBXShellScriptBuildPhase section */
		92CA7CF6D469C9DF62F83CED /* [CP] Check Pods Manifest.lock */ = {
			isa = PBXShellScriptBuildPhase;
			buildActionMask = 2147483647;
			files = (
			);
			inputFileListPaths = (
			);
			inputPaths = (
				"${PODS_PODFILE_DIR_PATH}/Podfile.lock",
				"${PODS_ROOT}/Manifest.lock",
			);
			name = "[CP] Check Pods Manifest.lock";
			outputFileListPaths = (
			);
			outputPaths = (
				"$(DERIVED_FILE_DIR)/Pods-DesafioHurb-checkManifestLockResult.txt",
			);
			runOnlyForDeploymentPostprocessing = 0;
			shellPath = /bin/sh;
			shellScript = "diff \"${PODS_PODFILE_DIR_PATH}/Podfile.lock\" \"${PODS_ROOT}/Manifest.lock\" > /dev/null\nif [ $? != 0 ] ; then\n    # print error to STDERR\n    echo \"error: The sandbox is not in sync with the Podfile.lock. Run 'pod install' or update your CocoaPods installation.\" >&2\n    exit 1\nfi\n# This output is used by Xcode 'outputs' to avoid re-running this script phase.\necho \"SUCCESS\" > \"${SCRIPT_OUTPUT_FILE_0}\"\n";
			showEnvVarsInLog = 0;
		};
		B0309CB09086D097396321F1 /* [CP] Embed Pods Frameworks */ = {
			isa = PBXShellScriptBuildPhase;
			buildActionMask = 2147483647;
			files = (
			);
			inputFileListPaths = (
			);
			inputPaths = (
				"${PODS_ROOT}/Target Support Files/Pods-DesafioHurb/Pods-DesafioHurb-frameworks.sh",
				"${BUILT_PRODUCTS_DIR}/Alamofire/Alamofire.framework",
			);
			name = "[CP] Embed Pods Frameworks";
			outputFileListPaths = (
			);
			outputPaths = (
				"${TARGET_BUILD_DIR}/${FRAMEWORKS_FOLDER_PATH}/Alamofire.framework",
			);
			runOnlyForDeploymentPostprocessing = 0;
			shellPath = /bin/sh;
			shellScript = "\"${PODS_ROOT}/Target Support Files/Pods-DesafioHurb/Pods-DesafioHurb-frameworks.sh\"\n";
			showEnvVarsInLog = 0;
		};
		D72477D2AF14D21261E484D5 /* [CP] Check Pods Manifest.lock */ = {
			isa = PBXShellScriptBuildPhase;
			buildActionMask = 2147483647;
			files = (
			);
			inputFileListPaths = (
			);
			inputPaths = (
				"${PODS_PODFILE_DIR_PATH}/Podfile.lock",
				"${PODS_ROOT}/Manifest.lock",
			);
			name = "[CP] Check Pods Manifest.lock";
			outputFileListPaths = (
			);
			outputPaths = (
				"$(DERIVED_FILE_DIR)/Pods-DesafioHurbTests-checkManifestLockResult.txt",
			);
			runOnlyForDeploymentPostprocessing = 0;
			shellPath = /bin/sh;
			shellScript = "diff \"${PODS_PODFILE_DIR_PATH}/Podfile.lock\" \"${PODS_ROOT}/Manifest.lock\" > /dev/null\nif [ $? != 0 ] ; then\n    # print error to STDERR\n    echo \"error: The sandbox is not in sync with the Podfile.lock. Run 'pod install' or update your CocoaPods installation.\" >&2\n    exit 1\nfi\n# This output is used by Xcode 'outputs' to avoid re-running this script phase.\necho \"SUCCESS\" > \"${SCRIPT_OUTPUT_FILE_0}\"\n";
			showEnvVarsInLog = 0;
		};
/* End PBXShellScriptBuildPhase section */

/* Begin PBXSourcesBuildPhase section */
		9421C71B230ED560001F3388 /* Sources */ = {
			isa = PBXSourcesBuildPhase;
			buildActionMask = 2147483647;
			files = (
				9421C74B230ED5BE001F3388 /* Result.swift in Sources */,
				94055CE023155EF200320969 /* MainView.swift in Sources */,
				9421C752230ED8DA001F3388 /* HotelsModel.swift in Sources */,
				9421C754230F0DF7001F3388 /* HotelsService.swift in Sources */,
				9421C725230ED560001F3388 /* MainViewController.swift in Sources */,
				9421C74A230ED5BE001F3388 /* APIRouter.swift in Sources */,
				9421C749230ED5BE001F3388 /* APIFactory.swift in Sources */,
				94055CDD23155ECE00320969 /* MainPresenter.swift in Sources */,
				9421C75B230F127B001F3388 /* CustomServerTrustPolicyManager.swift in Sources */,
				94055CE423155F1800320969 /* HotelTableViewCell.swift in Sources */,
				9421C723230ED560001F3388 /* AppDelegate.swift in Sources */,
				94055CEC2315930E00320969 /* UITableView.swift in Sources */,
				9421C74F230ED639001F3388 /* HotelsRouter.swift in Sources */,
				94055CE9231592D100320969 /* ReusableCellIdentifiable.swift in Sources */,
				9421C756230F11ED001F3388 /* CustomSessionDelegate.swift in Sources */,
				9421C74C230ED5BE001F3388 /* Network.swift in Sources */,
				9421C744230ED57D001F3388 /* APIConfig.swift in Sources */,
			);
			runOnlyForDeploymentPostprocessing = 0;
		};
		9421C72F230ED561001F3388 /* Sources */ = {
			isa = PBXSourcesBuildPhase;
			buildActionMask = 2147483647;
			files = (
				9421C738230ED561001F3388 /* DesafioHurbTests.swift in Sources */,
			);
			runOnlyForDeploymentPostprocessing = 0;
		};
/* End PBXSourcesBuildPhase section */

/* Begin PBXTargetDependency section */
		9421C735230ED561001F3388 /* PBXTargetDependency */ = {
			isa = PBXTargetDependency;
			target = 9421C71E230ED560001F3388 /* DesafioHurb */;
			targetProxy = 9421C734230ED561001F3388 /* PBXContainerItemProxy */;
		};
/* End PBXTargetDependency section */

/* Begin PBXVariantGroup section */
		9421C726230ED560001F3388 /* Main.storyboard */ = {
			isa = PBXVariantGroup;
			children = (
				9421C727230ED560001F3388 /* Base */,
			);
			name = Main.storyboard;
			sourceTree = "<group>";
		};
		9421C72B230ED561001F3388 /* LaunchScreen.storyboard */ = {
			isa = PBXVariantGroup;
			children = (
				9421C72C230ED561001F3388 /* Base */,
			);
			name = LaunchScreen.storyboard;
			sourceTree = "<group>";
		};
/* End PBXVariantGroup section */

/* Begin XCBuildConfiguration section */
		9421C73A230ED561001F3388 /* Debug */ = {
			isa = XCBuildConfiguration;
			buildSettings = {
				ALWAYS_SEARCH_USER_PATHS = NO;
				CLANG_ANALYZER_NONNULL = YES;
				CLANG_ANALYZER_NUMBER_OBJECT_CONVERSION = YES_AGGRESSIVE;
				CLANG_CXX_LANGUAGE_STANDARD = "gnu++14";
				CLANG_CXX_LIBRARY = "libc++";
				CLANG_ENABLE_MODULES = YES;
				CLANG_ENABLE_OBJC_ARC = YES;
				CLANG_ENABLE_OBJC_WEAK = YES;
				CLANG_WARN_BLOCK_CAPTURE_AUTORELEASING = YES;
				CLANG_WARN_BOOL_CONVERSION = YES;
				CLANG_WARN_COMMA = YES;
				CLANG_WARN_CONSTANT_CONVERSION = YES;
				CLANG_WARN_DEPRECATED_OBJC_IMPLEMENTATIONS = YES;
				CLANG_WARN_DIRECT_OBJC_ISA_USAGE = YES_ERROR;
				CLANG_WARN_DOCUMENTATION_COMMENTS = YES;
				CLANG_WARN_EMPTY_BODY = YES;
				CLANG_WARN_ENUM_CONVERSION = YES;
				CLANG_WARN_INFINITE_RECURSION = YES;
				CLANG_WARN_INT_CONVERSION = YES;
				CLANG_WARN_NON_LITERAL_NULL_CONVERSION = YES;
				CLANG_WARN_OBJC_IMPLICIT_RETAIN_SELF = YES;
				CLANG_WARN_OBJC_LITERAL_CONVERSION = YES;
				CLANG_WARN_OBJC_ROOT_CLASS = YES_ERROR;
				CLANG_WARN_RANGE_LOOP_ANALYSIS = YES;
				CLANG_WARN_STRICT_PROTOTYPES = YES;
				CLANG_WARN_SUSPICIOUS_MOVE = YES;
				CLANG_WARN_UNGUARDED_AVAILABILITY = YES_AGGRESSIVE;
				CLANG_WARN_UNREACHABLE_CODE = YES;
				CLANG_WARN__DUPLICATE_METHOD_MATCH = YES;
				CODE_SIGN_IDENTITY = "iPhone Developer";
				COPY_PHASE_STRIP = NO;
				DEBUG_INFORMATION_FORMAT = dwarf;
				ENABLE_STRICT_OBJC_MSGSEND = YES;
				ENABLE_TESTABILITY = YES;
				GCC_C_LANGUAGE_STANDARD = gnu11;
				GCC_DYNAMIC_NO_PIC = NO;
				GCC_NO_COMMON_BLOCKS = YES;
				GCC_OPTIMIZATION_LEVEL = 0;
				GCC_PREPROCESSOR_DEFINITIONS = (
					"DEBUG=1",
					"$(inherited)",
				);
				GCC_WARN_64_TO_32_BIT_CONVERSION = YES;
				GCC_WARN_ABOUT_RETURN_TYPE = YES_ERROR;
				GCC_WARN_UNDECLARED_SELECTOR = YES;
				GCC_WARN_UNINITIALIZED_AUTOS = YES_AGGRESSIVE;
				GCC_WARN_UNUSED_FUNCTION = YES;
				GCC_WARN_UNUSED_VARIABLE = YES;
				IPHONEOS_DEPLOYMENT_TARGET = 12.1;
				MTL_ENABLE_DEBUG_INFO = INCLUDE_SOURCE;
				MTL_FAST_MATH = YES;
				ONLY_ACTIVE_ARCH = YES;
				SDKROOT = iphoneos;
				SWIFT_ACTIVE_COMPILATION_CONDITIONS = DEBUG;
				SWIFT_OPTIMIZATION_LEVEL = "-Onone";
			};
			name = Debug;
		};
		9421C73B230ED561001F3388 /* Release */ = {
			isa = XCBuildConfiguration;
			buildSettings = {
				ALWAYS_SEARCH_USER_PATHS = NO;
				CLANG_ANALYZER_NONNULL = YES;
				CLANG_ANALYZER_NUMBER_OBJECT_CONVERSION = YES_AGGRESSIVE;
				CLANG_CXX_LANGUAGE_STANDARD = "gnu++14";
				CLANG_CXX_LIBRARY = "libc++";
				CLANG_ENABLE_MODULES = YES;
				CLANG_ENABLE_OBJC_ARC = YES;
				CLANG_ENABLE_OBJC_WEAK = YES;
				CLANG_WARN_BLOCK_CAPTURE_AUTORELEASING = YES;
				CLANG_WARN_BOOL_CONVERSION = YES;
				CLANG_WARN_COMMA = YES;
				CLANG_WARN_CONSTANT_CONVERSION = YES;
				CLANG_WARN_DEPRECATED_OBJC_IMPLEMENTATIONS = YES;
				CLANG_WARN_DIRECT_OBJC_ISA_USAGE = YES_ERROR;
				CLANG_WARN_DOCUMENTATION_COMMENTS = YES;
				CLANG_WARN_EMPTY_BODY = YES;
				CLANG_WARN_ENUM_CONVERSION = YES;
				CLANG_WARN_INFINITE_RECURSION = YES;
				CLANG_WARN_INT_CONVERSION = YES;
				CLANG_WARN_NON_LITERAL_NULL_CONVERSION = YES;
				CLANG_WARN_OBJC_IMPLICIT_RETAIN_SELF = YES;
				CLANG_WARN_OBJC_LITERAL_CONVERSION = YES;
				CLANG_WARN_OBJC_ROOT_CLASS = YES_ERROR;
				CLANG_WARN_RANGE_LOOP_ANALYSIS = YES;
				CLANG_WARN_STRICT_PROTOTYPES = YES;
				CLANG_WARN_SUSPICIOUS_MOVE = YES;
				CLANG_WARN_UNGUARDED_AVAILABILITY = YES_AGGRESSIVE;
				CLANG_WARN_UNREACHABLE_CODE = YES;
				CLANG_WARN__DUPLICATE_METHOD_MATCH = YES;
				CODE_SIGN_IDENTITY = "iPhone Developer";
				COPY_PHASE_STRIP = NO;
				DEBUG_INFORMATION_FORMAT = "dwarf-with-dsym";
				ENABLE_NS_ASSERTIONS = NO;
				ENABLE_STRICT_OBJC_MSGSEND = YES;
				GCC_C_LANGUAGE_STANDARD = gnu11;
				GCC_NO_COMMON_BLOCKS = YES;
				GCC_WARN_64_TO_32_BIT_CONVERSION = YES;
				GCC_WARN_ABOUT_RETURN_TYPE = YES_ERROR;
				GCC_WARN_UNDECLARED_SELECTOR = YES;
				GCC_WARN_UNINITIALIZED_AUTOS = YES_AGGRESSIVE;
				GCC_WARN_UNUSED_FUNCTION = YES;
				GCC_WARN_UNUSED_VARIABLE = YES;
				IPHONEOS_DEPLOYMENT_TARGET = 12.1;
				MTL_ENABLE_DEBUG_INFO = NO;
				MTL_FAST_MATH = YES;
				SDKROOT = iphoneos;
				SWIFT_COMPILATION_MODE = wholemodule;
				SWIFT_OPTIMIZATION_LEVEL = "-O";
				VALIDATE_PRODUCT = YES;
			};
			name = Release;
		};
		9421C73D230ED561001F3388 /* Debug */ = {
			isa = XCBuildConfiguration;
			baseConfigurationReference = 4E71A8F0EE804BE3F915350C /* Pods-DesafioHurb.debug.xcconfig */;
			buildSettings = {
				ASSETCATALOG_COMPILER_APPICON_NAME = AppIcon;
				CODE_SIGN_STYLE = Automatic;
				INFOPLIST_FILE = DesafioHurb/Info.plist;
				LD_RUNPATH_SEARCH_PATHS = (
					"$(inherited)",
					"@executable_path/Frameworks",
				);
				PRODUCT_BUNDLE_IDENTIFIER = pessoal.DesafioHurb;
				PRODUCT_NAME = "$(TARGET_NAME)";
				SWIFT_VERSION = 4.2;
				TARGETED_DEVICE_FAMILY = "1,2";
			};
			name = Debug;
		};
		9421C73E230ED561001F3388 /* Release */ = {
			isa = XCBuildConfiguration;
			baseConfigurationReference = 6C7DB22817A1783081DDCE57 /* Pods-DesafioHurb.release.xcconfig */;
			buildSettings = {
				ASSETCATALOG_COMPILER_APPICON_NAME = AppIcon;
				CODE_SIGN_STYLE = Automatic;
				INFOPLIST_FILE = DesafioHurb/Info.plist;
				LD_RUNPATH_SEARCH_PATHS = (
					"$(inherited)",
					"@executable_path/Frameworks",
				);
				PRODUCT_BUNDLE_IDENTIFIER = pessoal.DesafioHurb;
				PRODUCT_NAME = "$(TARGET_NAME)";
				SWIFT_VERSION = 4.2;
				TARGETED_DEVICE_FAMILY = "1,2";
			};
			name = Release;
		};
		9421C740230ED561001F3388 /* Debug */ = {
			isa = XCBuildConfiguration;
			baseConfigurationReference = 792FEE2205FB0ABADB62BEBF /* Pods-DesafioHurbTests.debug.xcconfig */;
			buildSettings = {
				ALWAYS_EMBED_SWIFT_STANDARD_LIBRARIES = YES;
				BUNDLE_LOADER = "$(TEST_HOST)";
				CODE_SIGN_STYLE = Automatic;
				INFOPLIST_FILE = DesafioHurbTests/Info.plist;
				LD_RUNPATH_SEARCH_PATHS = (
					"$(inherited)",
					"@executable_path/Frameworks",
					"@loader_path/Frameworks",
				);
				PRODUCT_BUNDLE_IDENTIFIER = pessoal.DesafioHurbTests;
				PRODUCT_NAME = "$(TARGET_NAME)";
				SWIFT_VERSION = 4.2;
				TARGETED_DEVICE_FAMILY = "1,2";
				TEST_HOST = "$(BUILT_PRODUCTS_DIR)/DesafioHurb.app/DesafioHurb";
			};
			name = Debug;
		};
		9421C741230ED561001F3388 /* Release */ = {
			isa = XCBuildConfiguration;
			baseConfigurationReference = 183748A5BF407677065CDC37 /* Pods-DesafioHurbTests.release.xcconfig */;
			buildSettings = {
				ALWAYS_EMBED_SWIFT_STANDARD_LIBRARIES = YES;
				BUNDLE_LOADER = "$(TEST_HOST)";
				CODE_SIGN_STYLE = Automatic;
				INFOPLIST_FILE = DesafioHurbTests/Info.plist;
				LD_RUNPATH_SEARCH_PATHS = (
					"$(inherited)",
					"@executable_path/Frameworks",
					"@loader_path/Frameworks",
				);
				PRODUCT_BUNDLE_IDENTIFIER = pessoal.DesafioHurbTests;
				PRODUCT_NAME = "$(TARGET_NAME)";
				SWIFT_VERSION = 4.2;
				TARGETED_DEVICE_FAMILY = "1,2";
				TEST_HOST = "$(BUILT_PRODUCTS_DIR)/DesafioHurb.app/DesafioHurb";
			};
			name = Release;
		};
/* End XCBuildConfiguration section */

/* Begin XCConfigurationList section */
		9421C71A230ED560001F3388 /* Build configuration list for PBXProject "DesafioHurb" */ = {
			isa = XCConfigurationList;
			buildConfigurations = (
				9421C73A230ED561001F3388 /* Debug */,
				9421C73B230ED561001F3388 /* Release */,
			);
			defaultConfigurationIsVisible = 0;
			defaultConfigurationName = Release;
		};
		9421C73C230ED561001F3388 /* Build configuration list for PBXNativeTarget "DesafioHurb" */ = {
			isa = XCConfigurationList;
			buildConfigurations = (
				9421C73D230ED561001F3388 /* Debug */,
				9421C73E230ED561001F3388 /* Release */,
			);
			defaultConfigurationIsVisible = 0;
			defaultConfigurationName = Release;
		};
		9421C73F230ED561001F3388 /* Build configuration list for PBXNativeTarget "DesafioHurbTests" */ = {
			isa = XCConfigurationList;
			buildConfigurations = (
				9421C740230ED561001F3388 /* Debug */,
				9421C741230ED561001F3388 /* Release */,
			);
			defaultConfigurationIsVisible = 0;
			defaultConfigurationName = Release;
		};
/* End XCConfigurationList section */
	};
	rootObject = 9421C717230ED560001F3388 /* Project object */;
}
